{
  "name": "lesson-29",
  "version": "1.0.0",
  "lockfileVersion": 3,
  "requires": true,
  "packages": {
    "": {
      "name": "lesson-29",
      "version": "1.0.0",
      "license": "ISC",
      "dependencies": {
        "@fortawesome/fontawesome-free": "^6.4.2",
        "fortawesome": "^0.0.1-security",
        "hamburgers": "^1.2.1"
      }
    },
    "node_modules/@fortawesome/fontawesome-free": {
      "version": "6.4.2",
      "resolved": "https://registry.npmjs.org/@fortawesome/fontawesome-free/-/fontawesome-free-6.4.2.tgz",
      "integrity": "sha512-m5cPn3e2+FDCOgi1mz0RexTUvvQibBebOUlUlW0+YrMjDTPkiJ6VTKukA1GRsvRw+12KyJndNjj0O4AgTxm2Pg==",
      "hasInstallScript": true,
      "engines": {
        "node": ">=6"
      }
    },
    "node_modules/fortawesome": {
      "version": "0.0.1-security",
      "resolved": "https://registry.npmjs.org/fortawesome/-/fortawesome-0.0.1-security.tgz",
      "integrity": "sha512-o/pwn9ZSnveFLYP0d5IejSwz0rpGMDQsBaYVvR8WXSvnxILIwh7IUJK0P90QMF4cnIyouVF2BGrz0LEVSyzimA=="
    },
    "node_modules/hamburgers": {
      "version": "1.2.1",
      "resolved": "https://registry.npmjs.org/hamburgers/-/hamburgers-1.2.1.tgz",
      "integrity": "sha512-uFuVVF7/MeUtRWrA+S1FGGo4iVi7RgPzZAmljBnSeDh4snOZzaQ+oB6CI1m4vKD5RGz9s70ufgiJLxgivqA26Q=="
    }
  }
}
